
Microsoft Visual Studio Solution File, Format Version 12.00
Project("{FAE04EC0-301F-11D3-BF4B-00C04F79EFBC}") = "RPF", "RPF\RPF.csproj", "{94099D4F-7A17-452B-9EAE-1B7776ABD42B}"
EndProject
Global
	GlobalSection(SolutionConfigurationPlatforms) = preSolution
		Debug|Any CPU = Debug|Any CPU
		Release|Any CPU = Release|Any CPU
	EndGlobalSection
	GlobalSection(ProjectConfigurationPlatforms) = postSolution
		{94099D4F-7A17-452B-9EAE-1B7776ABD42B}.Debug|Any CPU.ActiveCfg = Debug|Any CPU
		{94099D4F-7A17-452B-9EAE-1B7776ABD42B}.Debug|Any CPU.Build.0 = Debug|Any CPU
		{94099D4F-7A17-452B-9EAE-1B7776ABD42B}.Release|Any CPU.ActiveCfg = Release|Any CPU
		{94099D4F-7A17-452B-9EAE-1B7776ABD42B}.Release|Any CPU.Build.0 = Release|Any CPU
	EndGlobalSection
EndGlobal
